github.com/Pramod-Devireddy/go-exprtk v1.0.1 h1:BPN3T4SOzCn8XN7of0N2Yg6ICqBwCejVHGnLwtyR55Q=
github.com/Pramod-Devireddy/go-exprtk v1.0.1/go.mod h1:GbqdmGxU1ESDj3lu8mPbffejPB5UoOtm6eB7qr3YZ94=
github.com/novalagung/golpal v1.0.0 h1:33TidKDH6Jr7wwLrq/GvuZve67q+jJkeRty5pRrlPb8=
github.com/novalagung/golpal v1.0.0/go.mod h1:pOW1E6nhjAvi8l0wXkkJvKjbTKdyA29C40yjIL5XZcg=
